
Microsoft Visual Studio Solution File, Format Version 12.00
# Visual Studio Version 17
VisualStudioVersion = 17.5.33516.290
MinimumVisualStudioVersion = 10.0.40219.1
Project("{FAE04EC0-301F-11D3-BF4B-00C04F79EFBC}") = "CRUDVacinas73CAllan", "CRUDVacinas73CAllan\CRUDVacinas73CAllan.csproj", "{5CE73A1F-DB64-46E7-AC5C-9516804BF57D}"
EndProject
Global
	GlobalSection(SolutionConfigurationPlatforms) = preSolution
		Debug|Any CPU = Debug|Any CPU
		Release|Any CPU = Release|Any CPU
	EndGlobalSection
	GlobalSection(ProjectConfigurationPlatforms) = postSolution
		{5CE73A1F-DB64-46E7-AC5C-9516804BF57D}.Debug|Any CPU.ActiveCfg = Debug|Any CPU
		{5CE73A1F-DB64-46E7-AC5C-9516804BF57D}.Debug|Any CPU.Build.0 = Debug|Any CPU
		{5CE73A1F-DB64-46E7-AC5C-9516804BF57D}.Release|Any CPU.ActiveCfg = Release|Any CPU
		{5CE73A1F-DB64-46E7-AC5C-9516804BF57D}.Release|Any CPU.Build.0 = Release|Any CPU
	EndGlobalSection
	GlobalSection(SolutionProperties) = preSolution
		HideSolutionNode = FALSE
	EndGlobalSection
	GlobalSection(ExtensibilityGlobals) = postSolution
		SolutionGuid = {ED9FA7A2-525D-4AD9-A87F-50D73BADE12C}
	EndGlobalSection
EndGlobal
